
Microsoft Visual Studio Solution File, Format Version 12.00
# Visual Studio Version 16
VisualStudioVersion = 16.0.29521.150
MinimumVisualStudioVersion = 10.0.40219.1
Project("{FAE04EC0-301F-11D3-BF4B-00C04F79EFBC}") = "efcoreorderby", "efcoreorderby\efcoreorderby.csproj", "{93BFC8B2-F851-4E71-8D9D-B7A85646C22A}"
EndProject
Global
	GlobalSection(SolutionConfigurationPlatforms) = preSolution
		Debug|Any CPU = Debug|Any CPU
		Release|Any CPU = Release|Any CPU
	EndGlobalSection
	GlobalSection(ProjectConfigurationPlatforms) = postSolution
		{93BFC8B2-F851-4E71-8D9D-B7A85646C22A}.Debug|Any CPU.ActiveCfg = Debug|Any CPU
		{93BFC8B2-F851-4E71-8D9D-B7A85646C22A}.Debug|Any CPU.Build.0 = Debug|Any CPU
		{93BFC8B2-F851-4E71-8D9D-B7A85646C22A}.Release|Any CPU.ActiveCfg = Release|Any CPU
		{93BFC8B2-F851-4E71-8D9D-B7A85646C22A}.Release|Any CPU.Build.0 = Release|Any CPU
	EndGlobalSection
	GlobalSection(SolutionProperties) = preSolution
		HideSolutionNode = FALSE
	EndGlobalSection
	GlobalSection(ExtensibilityGlobals) = postSolution
		SolutionGuid = {F0418316-D974-409F-9836-E52D2E498D9E}
	EndGlobalSection
EndGlobal
